
Microsoft Visual Studio Solution File, Format Version 12.00
# Visual Studio Version 17
VisualStudioVersion = 17.4.33122.133
MinimumVisualStudioVersion = 10.0.40219.1
Project("{FAE04EC0-301F-11D3-BF4B-00C04F79EFBC}") = "MinimalApi", "MinimalApi.csproj", "{A839A8B5-6BC3-4ABF-A410-4DA08BF6B5E5}"
EndProject
Global
	GlobalSection(SolutionConfigurationPlatforms) = preSolution
		Debug|Any CPU = Debug|Any CPU
		Release|Any CPU = Release|Any CPU
	EndGlobalSection
	GlobalSection(ProjectConfigurationPlatforms) = postSolution
		{A839A8B5-6BC3-4ABF-A410-4DA08BF6B5E5}.Debug|Any CPU.ActiveCfg = Debug|Any CPU
		{A839A8B5-6BC3-4ABF-A410-4DA08BF6B5E5}.Debug|Any CPU.Build.0 = Debug|Any CPU
		{A839A8B5-6BC3-4ABF-A410-4DA08BF6B5E5}.Release|Any CPU.ActiveCfg = Release|Any CPU
		{A839A8B5-6BC3-4ABF-A410-4DA08BF6B5E5}.Release|Any CPU.Build.0 = Release|Any CPU
	EndGlobalSection
	GlobalSection(SolutionProperties) = preSolution
		HideSolutionNode = FALSE
	EndGlobalSection
	GlobalSection(ExtensibilityGlobals) = postSolution
		SolutionGuid = {00035A5B-2C56-483B-BFF1-BA010EDEF0AD}
	EndGlobalSection
EndGlobal
